
Microsoft Visual Studio Solution File, Format Version 12.00
Project("{FAE04EC0-301F-11D3-BF4B-00C04F79EFBC}") = "MvcTask", "MvcTask.csproj", "{6BBE508A-1C4F-4BE6-9132-E0519990362D}"
EndProject
Project("{FAE04EC0-301F-11D3-BF4B-00C04F79EFBC}") = "MvcTask.Tests", "MvcTask.Tests\MvcTask.Tests.csproj", "{22B14725-FBAE-446E-8C87-CF40B8E15F55}"
EndProject
Global
	GlobalSection(SolutionConfigurationPlatforms) = preSolution
		Debug|Any CPU = Debug|Any CPU
		Release|Any CPU = Release|Any CPU
	EndGlobalSection
	GlobalSection(ProjectConfigurationPlatforms) = postSolution
		{6BBE508A-1C4F-4BE6-9132-E0519990362D}.Debug|Any CPU.ActiveCfg = Debug|Any CPU
		{6BBE508A-1C4F-4BE6-9132-E0519990362D}.Debug|Any CPU.Build.0 = Debug|Any CPU
		{6BBE508A-1C4F-4BE6-9132-E0519990362D}.Release|Any CPU.ActiveCfg = Release|Any CPU
		{6BBE508A-1C4F-4BE6-9132-E0519990362D}.Release|Any CPU.Build.0 = Release|Any CPU
		{22B14725-FBAE-446E-8C87-CF40B8E15F55}.Debug|Any CPU.ActiveCfg = Debug|Any CPU
		{22B14725-FBAE-446E-8C87-CF40B8E15F55}.Debug|Any CPU.Build.0 = Debug|Any CPU
		{22B14725-FBAE-446E-8C87-CF40B8E15F55}.Release|Any CPU.ActiveCfg = Release|Any CPU
		{22B14725-FBAE-446E-8C87-CF40B8E15F55}.Release|Any CPU.Build.0 = Release|Any CPU
	EndGlobalSection
EndGlobal
